
Microsoft Visual Studio Solution File, Format Version 12.00
# Visual Studio Version 16
VisualStudioVersion = 16.0.30907.101
MinimumVisualStudioVersion = 10.0.40219.1
Project("{2150E333-8FDC-42A3-9474-1A3956D46DE8}") = "src", "src", "{5E7B9C8A-BCF8-46EB-AD7A-63A9F63B624D}"
EndProject
Project("{9A19103F-16F7-4668-BE54-9A1E7A4F7556}") = "Advertisement.PublicApi", "src\Advertisement.PublicApi\Advertisement.PublicApi.csproj", "{EB982784-36A3-4CCC-B4EA-22C06E764617}"
EndProject
Project("{9A19103F-16F7-4668-BE54-9A1E7A4F7556}") = "Advertisement.Domain", "src\Advertisement.Domain\Advertisement.Domain.csproj", "{64F2B7F7-7B93-4E0F-A481-A37F3326B079}"
EndProject
Project("{9A19103F-16F7-4668-BE54-9A1E7A4F7556}") = "Advertisement.Application", "src\Advertisement.Application\Advertisement.Application.csproj", "{0C2BCFE8-31F9-41B4-9D7C-4D10BFEC6945}"
EndProject
Project("{9A19103F-16F7-4668-BE54-9A1E7A4F7556}") = "Advertisement.Infrastructure", "src\Advertisement.Infrastructure\Advertisement.Infrastructure.csproj", "{83DDC601-ABDD-4D3C-890E-1741F8794A5F}"
EndProject
Project("{2150E333-8FDC-42A3-9474-1A3956D46DE8}") = "misc", "misc", "{A3636182-F4BF-4582-B957-F22CAC1C91DF}"
ProjectSection(SolutionItems) = preProject
	.gitignore = .gitignore
	docker-compose.yml = docker-compose.yml
	nuget.config = nuget.config
	README.md = README.md
EndProjectSection
EndProject
Global
	GlobalSection(SolutionConfigurationPlatforms) = preSolution
		Debug|Any CPU = Debug|Any CPU
		Release|Any CPU = Release|Any CPU
	EndGlobalSection
	GlobalSection(ProjectConfigurationPlatforms) = postSolution
		{EB982784-36A3-4CCC-B4EA-22C06E764617}.Debug|Any CPU.ActiveCfg = Debug|Any CPU
		{EB982784-36A3-4CCC-B4EA-22C06E764617}.Debug|Any CPU.Build.0 = Debug|Any CPU
		{EB982784-36A3-4CCC-B4EA-22C06E764617}.Release|Any CPU.ActiveCfg = Release|Any CPU
		{EB982784-36A3-4CCC-B4EA-22C06E764617}.Release|Any CPU.Build.0 = Release|Any CPU
		{64F2B7F7-7B93-4E0F-A481-A37F3326B079}.Debug|Any CPU.ActiveCfg = Debug|Any CPU
		{64F2B7F7-7B93-4E0F-A481-A37F3326B079}.Debug|Any CPU.Build.0 = Debug|Any CPU
		{64F2B7F7-7B93-4E0F-A481-A37F3326B079}.Release|Any CPU.ActiveCfg = Release|Any CPU
		{64F2B7F7-7B93-4E0F-A481-A37F3326B079}.Release|Any CPU.Build.0 = Release|Any CPU
		{0C2BCFE8-31F9-41B4-9D7C-4D10BFEC6945}.Debug|Any CPU.ActiveCfg = Debug|Any CPU
		{0C2BCFE8-31F9-41B4-9D7C-4D10BFEC6945}.Debug|Any CPU.Build.0 = Debug|Any CPU
		{0C2BCFE8-31F9-41B4-9D7C-4D10BFEC6945}.Release|Any CPU.ActiveCfg = Release|Any CPU
		{0C2BCFE8-31F9-41B4-9D7C-4D10BFEC6945}.Release|Any CPU.Build.0 = Release|Any CPU
		{83DDC601-ABDD-4D3C-890E-1741F8794A5F}.Debug|Any CPU.ActiveCfg = Debug|Any CPU
		{83DDC601-ABDD-4D3C-890E-1741F8794A5F}.Debug|Any CPU.Build.0 = Debug|Any CPU
		{83DDC601-ABDD-4D3C-890E-1741F8794A5F}.Release|Any CPU.ActiveCfg = Release|Any CPU
		{83DDC601-ABDD-4D3C-890E-1741F8794A5F}.Release|Any CPU.Build.0 = Release|Any CPU
	EndGlobalSection
	GlobalSection(SolutionProperties) = preSolution
		HideSolutionNode = FALSE
	EndGlobalSection
	GlobalSection(NestedProjects) = preSolution
		{EB982784-36A3-4CCC-B4EA-22C06E764617} = {5E7B9C8A-BCF8-46EB-AD7A-63A9F63B624D}
		{64F2B7F7-7B93-4E0F-A481-A37F3326B079} = {5E7B9C8A-BCF8-46EB-AD7A-63A9F63B624D}
		{0C2BCFE8-31F9-41B4-9D7C-4D10BFEC6945} = {5E7B9C8A-BCF8-46EB-AD7A-63A9F63B624D}
		{83DDC601-ABDD-4D3C-890E-1741F8794A5F} = {5E7B9C8A-BCF8-46EB-AD7A-63A9F63B624D}
	EndGlobalSection
	GlobalSection(ExtensibilityGlobals) = postSolution
		SolutionGuid = {8B70DE48-AA2C-4ED8-8D3B-C7FE01004DF9}
	EndGlobalSection
EndGlobal
